
Microsoft Visual Studio Solution File, Format Version 12.00
# Visual Studio Version 17
VisualStudioVersion = 17.9.34728.123
MinimumVisualStudioVersion = 10.0.40219.1
Project("{FAE04EC0-301F-11D3-BF4B-00C04F79EFBC}") = "CodingChallenge", "CodingChallenge.csproj", "{BFE394A7-1FC4-4C0D-B14C-05285DCEBCC9}"
EndProject
Global
	GlobalSection(SolutionConfigurationPlatforms) = preSolution
		Debug|Any CPU = Debug|Any CPU
		Release|Any CPU = Release|Any CPU
	EndGlobalSection
	GlobalSection(ProjectConfigurationPlatforms) = postSolution
		{BFE394A7-1FC4-4C0D-B14C-05285DCEBCC9}.Debug|Any CPU.ActiveCfg = Debug|Any CPU
		{BFE394A7-1FC4-4C0D-B14C-05285DCEBCC9}.Debug|Any CPU.Build.0 = Debug|Any CPU
		{BFE394A7-1FC4-4C0D-B14C-05285DCEBCC9}.Release|Any CPU.ActiveCfg = Release|Any CPU
		{BFE394A7-1FC4-4C0D-B14C-05285DCEBCC9}.Release|Any CPU.Build.0 = Release|Any CPU
	EndGlobalSection
	GlobalSection(SolutionProperties) = preSolution
		HideSolutionNode = FALSE
	EndGlobalSection
	GlobalSection(ExtensibilityGlobals) = postSolution
		SolutionGuid = {69E1AB69-9181-4AFD-9C65-BE36CAD2668B}
	EndGlobalSection
EndGlobal
